// !$*UTF8*$!
{
	archiveVersion = 1;
	classes = {
	};
	objectVersion = 48;
	objects = {

/* Begin PBXBuildFile section */
		FB894E6F205336D50013B6FD /* AppDelegate.swift in Sources */ = {isa = PBXBuildFile; fileRef = FB894E6E205336D50013B6FD /* AppDelegate.swift */; };
		FB894E71205336D50013B6FD /* ViewController.swift in Sources */ = {isa = PBXBuildFile; fileRef = FB894E70205336D50013B6FD /* ViewController.swift */; };
		FB894E74205336D50013B6FD /* Main.storyboard in Resources */ = {isa = PBXBuildFile; fileRef = FB894E72205336D50013B6FD /* Main.storyboard */; };
		FB894E77205336D50013B6FD /* ProyectoFinal___Organizador_de_Apuntes.xcdatamodeld in Sources */ = {isa = PBXBuildFile; fileRef = FB894E75205336D50013B6FD /* ProyectoFinal___Organizador_de_Apuntes.xcdatamodeld */; };
		FB894E79205336D50013B6FD /* Assets.xcassets in Resources */ = {isa = PBXBuildFile; fileRef = FB894E78205336D50013B6FD /* Assets.xcassets */; };
		FB894E7C205336D50013B6FD /* LaunchScreen.storyboard in Resources */ = {isa = PBXBuildFile; fileRef = FB894E7A205336D50013B6FD /* LaunchScreen.storyboard */; };
		FB894E842053377D0013B6FD /* CourseTableViewCell.swift in Sources */ = {isa = PBXBuildFile; fileRef = FB894E832053377D0013B6FD /* CourseTableViewCell.swift */; };
		FB894E86205337860013B6FD /* NoteTypeSelectionViewController.swift in Sources */ = {isa = PBXBuildFile; fileRef = FB894E85205337860013B6FD /* NoteTypeSelectionViewController.swift */; };
/* End PBXBuildFile section */

/* Begin PBXFileReference section */
		FB894E6B205336D50013B6FD /* ProyectoFinal - Organizador de Apuntes.app */ = {isa = PBXFileReference; explicitFileType = wrapper.application; includeInIndex = 0; path = "ProyectoFinal - Organizador de Apuntes.app"; sourceTree = BUILT_PRODUCTS_DIR; };
		FB894E6E205336D50013B6FD /* AppDelegate.swift */ = {isa = PBXFileReference; lastKnownFileType = sourcecode.swift; path = AppDelegate.swift; sourceTree = "<group>"; };
		FB894E70205336D50013B6FD /* ViewController.swift */ = {isa = PBXFileReference; lastKnownFileType = sourcecode.swift; path = ViewController.swift; sourceTree = "<group>"; };
		FB894E73205336D50013B6FD /* Base */ = {isa = PBXFileReference; lastKnownFileType = file.storyboard; name = Base; path = Base.lproj/Main.storyboard; sourceTree = "<group>"; };
		FB894E76205336D50013B6FD /* ProyectoFinal___Organizador_de_Apuntes.xcdatamodel */ = {isa = PBXFileReference; lastKnownFileType = wrapper.xcdatamodel; path = "ProyectoFinal___Organizador_de_Apuntes.xcdatamodel"; sourceTree = "<group>"; };
		FB894E78205336D50013B6FD /* Assets.xcassets */ = {isa = PBXFileReference; lastKnownFileType = folder.assetcatalog; path = Assets.xcassets; sourceTree = "<group>"; };
		FB894E7B205336D50013B6FD /* Base */ = {isa = PBXFileReference; lastKnownFileType = file.storyboard; name = Base; path = Base.lproj/LaunchScreen.storyboard; sourceTree = "<group>"; };
		FB894E7D205336D50013B6FD /* Info.plist */ = {isa = PBXFileReference; lastKnownFileType = text.plist.xml; path = Info.plist; sourceTree = "<group>"; };
		FB894E832053377D0013B6FD /* CourseTableViewCell.swift */ = {isa = PBXFileReference; fileEncoding = 4; lastKnownFileType = sourcecode.swift; path = CourseTableViewCell.swift; sourceTree = "<group>"; };
		FB894E85205337860013B6FD /* NoteTypeSelectionViewController.swift */ = {isa = PBXFileReference; fileEncoding = 4; lastKnownFileType = sourcecode.swift; path = NoteTypeSelectionViewController.swift; sourceTree = "<group>"; };
/* End PBXFileReference section */

/* Begin PBXFrameworksBuildPhase section */
		FB894E68205336D50013B6FD /* Frameworks */ = {
			isa = PBXFrameworksBuildPhase;
			buildActionMask = 2147483647;
			files = (
			);
			runOnlyForDeploymentPostprocessing = 0;
		};
/* End PBXFrameworksBuildPhase section */

/* Begin PBXGroup section */
		FB894E62205336D50013B6FD = {
			isa = PBXGroup;
			children = (
				FB894E6D205336D50013B6FD /* ProyectoFinal - Organizador de Apuntes */,
				FB894E6C205336D50013B6FD /* Products */,
			);
			sourceTree = "<group>";
		};
		FB894E6C205336D50013B6FD /* Products */ = {
			isa = PBXGroup;
			children = (
				FB894E6B205336D50013B6FD /* ProyectoFinal - Organizador de Apuntes.app */,
			);
			name = Products;
			sourceTree = "<group>";
		};
		FB894E6D205336D50013B6FD /* ProyectoFinal - Organizador de Apuntes */ = {
			isa = PBXGroup;
			children = (
				FB894E6E205336D50013B6FD /* AppDelegate.swift */,
				FB894E70205336D50013B6FD /* ViewController.swift */,
				FB894E85205337860013B6FD /* NoteTypeSelectionViewController.swift */,
				FB894E832053377D0013B6FD /* CourseTableViewCell.swift */,
				FB894E72205336D50013B6FD /* Main.storyboard */,
				FB894E78205336D50013B6FD /* Assets.xcassets */,
				FB894E7A205336D50013B6FD /* LaunchScreen.storyboard */,
				FB894E7D205336D50013B6FD /* Info.plist */,
				FB894E75205336D50013B6FD /* ProyectoFinal___Organizador_de_Apuntes.xcdatamodeld */,
			);
			path = "ProyectoFinal - Organizador de Apuntes";
			sourceTree = "<group>";
		};
/* End PBXGroup section */

/* Begin PBXNativeTarget section */
		FB894E6A205336D50013B6FD /* ProyectoFinal - Organizador de Apuntes */ = {
			isa = PBXNativeTarget;
			buildConfigurationList = FB894E80205336D50013B6FD /* Build configuration list for PBXNativeTarget "ProyectoFinal - Organizador de Apuntes" */;
			buildPhases = (
				FB894E67205336D50013B6FD /* Sources */,
				FB894E68205336D50013B6FD /* Frameworks */,
				FB894E69205336D50013B6FD /* Resources */,
			);
			buildRules = (
			);
			dependencies = (
			);
			name = "ProyectoFinal - Organizador de Apuntes";
			productName = "ProyectoFinal - Organizador de Apuntes";
			productReference = FB894E6B205336D50013B6FD /* ProyectoFinal - Organizador de Apuntes.app */;
			productType = "com.apple.product-type.application";
		};
/* End PBXNativeTarget section */

/* Begin PBXProject section */
		FB894E63205336D50013B6FD /* Project object */ = {
			isa = PBXProject;
			attributes = {
				LastSwiftUpdateCheck = 0920;
				LastUpgradeCheck = 0920;
				ORGANIZATIONNAME = itesm;
				TargetAttributes = {
					FB894E6A205336D50013B6FD = {
						CreatedOnToolsVersion = 9.2;
						ProvisioningStyle = Automatic;
					};
				};
			};
			buildConfigurationList = FB894E66205336D50013B6FD /* Build configuration list for PBXProject "ProyectoFinal - Organizador de Apuntes" */;
			compatibilityVersion = "Xcode 8.0";
			developmentRegion = en;
			hasScannedForEncodings = 0;
			knownRegions = (
				en,
				Base,
			);
			mainGroup = FB894E62205336D50013B6FD;
			productRefGroup = FB894E6C205336D50013B6FD /* Products */;
			projectDirPath = "";
			projectRoot = "";
			targets = (
				FB894E6A205336D50013B6FD /* ProyectoFinal - Organizador de Apuntes */,
			);
		};
/* End PBXProject section */

/* Begin PBXResourcesBuildPhase section */
		FB894E69205336D50013B6FD /* Resources */ = {
			isa = PBXResourcesBuildPhase;
			buildActionMask = 2147483647;
			files = (
				FB894E7C205336D50013B6FD /* LaunchScreen.storyboard in Resources */,
				FB894E79205336D50013B6FD /* Assets.xcassets in Resources */,
				FB894E74205336D50013B6FD /* Main.storyboard in Resources */,
			);
			runOnlyForDeploymentPostprocessing = 0;
		};
/* End PBXResourcesBuildPhase section */

/* Begin PBXSourcesBuildPhase section */
		FB894E67205336D50013B6FD /* Sources */ = {
			isa = PBXSourcesBuildPhase;
			buildActionMask = 2147483647;
			files = (
				FB894E842053377D0013B6FD /* CourseTableViewCell.swift in Sources */,
				FB894E77205336D50013B6FD /* ProyectoFinal___Organizador_de_Apuntes.xcdatamodeld in Sources */,
				FB894E71205336D50013B6FD /* ViewController.swift in Sources */,
				FB894E6F205336D50013B6FD /* AppDelegate.swift in Sources */,
				FB894E86205337860013B6FD /* NoteTypeSelectionViewController.swift in Sources */,
			);
			runOnlyForDeploymentPostprocessing = 0;
		};
/* End PBXSourcesBuildPhase section */

/* Begin PBXVariantGroup section */
		FB894E72205336D50013B6FD /* Main.storyboard */ = {
			isa = PBXVariantGroup;
			children = (
				FB894E73205336D50013B6FD /* Base */,
			);
			name = Main.storyboard;
			sourceTree = "<group>";
		};
		FB894E7A205336D50013B6FD /* LaunchScreen.storyboard */ = {
			isa = PBXVariantGroup;
			children = (
				FB894E7B205336D50013B6FD /* Base */,
			);
			name = LaunchScreen.storyboard;
			sourceTree = "<group>";
		};
/* End PBXVariantGroup section */

/* Begin XCBuildConfiguration section */
		FB894E7E205336D50013B6FD /* Debug */ = {
			isa = XCBuildConfiguration;
			buildSettings = {
				ALWAYS_SEARCH_USER_PATHS = NO;
				CLANG_ANALYZER_NONNULL = YES;
				CLANG_ANALYZER_NUMBER_OBJECT_CONVERSION = YES_AGGRESSIVE;
				CLANG_CXX_LANGUAGE_STANDARD = "gnu++14";
				CLANG_CXX_LIBRARY = "libc++";
				CLANG_ENABLE_MODULES = YES;
				CLANG_ENABLE_OBJC_ARC = YES;
				CLANG_WARN_BLOCK_CAPTURE_AUTORELEASING = YES;
				CLANG_WARN_BOOL_CONVERSION = YES;
				CLANG_WARN_COMMA = YES;
				CLANG_WARN_CONSTANT_CONVERSION = YES;
				CLANG_WARN_DIRECT_OBJC_ISA_USAGE = YES_ERROR;
				CLANG_WARN_DOCUMENTATION_COMMENTS = YES;
				CLANG_WARN_EMPTY_BODY = YES;
				CLANG_WARN_ENUM_CONVERSION = YES;
				CLANG_WARN_INFINITE_RECURSION = YES;
				CLANG_WARN_INT_CONVERSION = YES;
				CLANG_WARN_NON_LITERAL_NULL_CONVERSION = YES;
				CLANG_WARN_OBJC_LITERAL_CONVERSION = YES;
				CLANG_WARN_OBJC_ROOT_CLASS = YES_ERROR;
				CLANG_WARN_RANGE_LOOP_ANALYSIS = YES;
				CLANG_WARN_STRICT_PROTOTYPES = YES;
				CLANG_WARN_SUSPICIOUS_MOVE = YES;
				CLANG_WARN_UNGUARDED_AVAILABILITY = YES_AGGRESSIVE;
				CLANG_WARN_UNREACHABLE_CODE = YES;
				CLANG_WARN__DUPLICATE_METHOD_MATCH = YES;
				CODE_SIGN_IDENTITY = "iPhone Developer";
				COPY_PHASE_STRIP = NO;
				DEBUG_INFORMATION_FORMAT = dwarf;
				ENABLE_STRICT_OBJC_MSGSEND = YES;
				ENABLE_TESTABILITY = YES;
				GCC_C_LANGUAGE_STANDARD = gnu11;
				GCC_DYNAMIC_NO_PIC = NO;
				GCC_NO_COMMON_BLOCKS = YES;
				GCC_OPTIMIZATION_LEVEL = 0;
				GCC_PREPROCESSOR_DEFINITIONS = (
					"DEBUG=1",
					"$(inherited)",
				);
				GCC_WARN_64_TO_32_BIT_CONVERSION = YES;
				GCC_WARN_ABOUT_RETURN_TYPE = YES_ERROR;
				GCC_WARN_UNDECLARED_SELECTOR = YES;
				GCC_WARN_UNINITIALIZED_AUTOS = YES_AGGRESSIVE;
				GCC_WARN_UNUSED_FUNCTION = YES;
				GCC_WARN_UNUSED_VARIABLE = YES;
				IPHONEOS_DEPLOYMENT_TARGET = 11.2;
				MTL_ENABLE_DEBUG_INFO = YES;
				ONLY_ACTIVE_ARCH = YES;
				SDKROOT = iphoneos;
				SWIFT_ACTIVE_COMPILATION_CONDITIONS = DEBUG;
				SWIFT_OPTIMIZATION_LEVEL = "-Onone";
			};
			name = Debug;
		};
		FB894E7F205336D50013B6FD /* Release */ = {
			isa = XCBuildConfiguration;
			buildSettings = {
				ALWAYS_SEARCH_USER_PATHS = NO;
				CLANG_ANALYZER_NONNULL = YES;
				CLANG_ANALYZER_NUMBER_OBJECT_CONVERSION = YES_AGGRESSIVE;
				CLANG_CXX_LANGUAGE_STANDARD = "gnu++14";
				CLANG_CXX_LIBRARY = "libc++";
				CLANG_ENABLE_MODULES = YES;
				CLANG_ENABLE_OBJC_ARC = YES;
				CLANG_WARN_BLOCK_CAPTURE_AUTORELEASING = YES;
				CLANG_WARN_BOOL_CONVERSION = YES;
				CLANG_WARN_COMMA = YES;
				CLANG_WARN_CONSTANT_CONVERSION = YES;
				CLANG_WARN_DIRECT_OBJC_ISA_USAGE = YES_ERROR;
				CLANG_WARN_DOCUMENTATION_COMMENTS = YES;
				CLANG_WARN_EMPTY_BODY = YES;
				CLANG_WARN_ENUM_CONVERSION = YES;
				CLANG_WARN_INFINITE_RECURSION = YES;
				CLANG_WARN_INT_CONVERSION = YES;
				CLANG_WARN_NON_LITERAL_NULL_CONVERSION = YES;
				CLANG_WARN_OBJC_LITERAL_CONVERSION = YES;
				CLANG_WARN_OBJC_ROOT_CLASS = YES_ERROR;
				CLANG_WARN_RANGE_LOOP_ANALYSIS = YES;
				CLANG_WARN_STRICT_PROTOTYPES = YES;
				CLANG_WARN_SUSPICIOUS_MOVE = YES;
				CLANG_WARN_UNGUARDED_AVAILABILITY = YES_AGGRESSIVE;
				CLANG_WARN_UNREACHABLE_CODE = YES;
				CLANG_WARN__DUPLICATE_METHOD_MATCH = YES;
				CODE_SIGN_IDENTITY = "iPhone Developer";
				COPY_PHASE_STRIP = NO;
				DEBUG_INFORMATION_FORMAT = "dwarf-with-dsym";
				ENABLE_NS_ASSERTIONS = NO;
				ENABLE_STRICT_OBJC_MSGSEND = YES;
				GCC_C_LANGUAGE_STANDARD = gnu11;
				GCC_NO_COMMON_BLOCKS = YES;
				GCC_WARN_64_TO_32_BIT_CONVERSION = YES;
				GCC_WARN_ABOUT_RETURN_TYPE = YES_ERROR;
				GCC_WARN_UNDECLARED_SELECTOR = YES;
				GCC_WARN_UNINITIALIZED_AUTOS = YES_AGGRESSIVE;
				GCC_WARN_UNUSED_FUNCTION = YES;
				GCC_WARN_UNUSED_VARIABLE = YES;
				IPHONEOS_DEPLOYMENT_TARGET = 11.2;
				MTL_ENABLE_DEBUG_INFO = NO;
				SDKROOT = iphoneos;
				SWIFT_OPTIMIZATION_LEVEL = "-Owholemodule";
				VALIDATE_PRODUCT = YES;
			};
			name = Release;
		};
		FB894E81205336D50013B6FD /* Debug */ = {
			isa = XCBuildConfiguration;
			buildSettings = {
				ASSETCATALOG_COMPILER_APPICON_NAME = AppIcon;
				CODE_SIGN_STYLE = Automatic;
				INFOPLIST_FILE = "ProyectoFinal - Organizador de Apuntes/Info.plist";
				LD_RUNPATH_SEARCH_PATHS = "$(inherited) @executable_path/Frameworks";
				PRODUCT_BUNDLE_IDENTIFIER = "mx.itesm.ProyectoFinal---Organizador-de-Apuntes";
				PRODUCT_NAME = "$(TARGET_NAME)";
				SWIFT_VERSION = 4.0;
				TARGETED_DEVICE_FAMILY = "1,2";
			};
			name = Debug;
		};
		FB894E82205336D50013B6FD /* Release */ = {
			isa = XCBuildConfiguration;
			buildSettings = {
				ASSETCATALOG_COMPILER_APPICON_NAME = AppIcon;
				CODE_SIGN_STYLE = Automatic;
				INFOPLIST_FILE = "ProyectoFinal - Organizador de Apuntes/Info.plist";
				LD_RUNPATH_SEARCH_PATHS = "$(inherited) @executable_path/Frameworks";
				PRODUCT_BUNDLE_IDENTIFIER = "mx.itesm.ProyectoFinal---Organizador-de-Apuntes";
				PRODUCT_NAME = "$(TARGET_NAME)";
				SWIFT_VERSION = 4.0;
				TARGETED_DEVICE_FAMILY = "1,2";
			};
			name = Release;
		};
/* End XCBuildConfiguration section */

/* Begin XCConfigurationList section */
		FB894E66205336D50013B6FD /* Build configuration list for PBXProject "ProyectoFinal - Organizador de Apuntes" */ = {
			isa = XCConfigurationList;
			buildConfigurations = (
				FB894E7E205336D50013B6FD /* Debug */,
				FB894E7F205336D50013B6FD /* Release */,
			);
			defaultConfigurationIsVisible = 0;
			defaultConfigurationName = Release;
		};
		FB894E80205336D50013B6FD /* Build configuration list for PBXNativeTarget "ProyectoFinal - Organizador de Apuntes" */ = {
			isa = XCConfigurationList;
			buildConfigurations = (
				FB894E81205336D50013B6FD /* Debug */,
				FB894E82205336D50013B6FD /* Release */,
			);
			defaultConfigurationIsVisible = 0;
			defaultConfigurationName = Release;
		};
/* End XCConfigurationList section */

/* Begin XCVersionGroup section */
		FB894E75205336D50013B6FD /* ProyectoFinal___Organizador_de_Apuntes.xcdatamodeld */ = {
			isa = XCVersionGroup;
			children = (
				FB894E76205336D50013B6FD /* ProyectoFinal___Organizador_de_Apuntes.xcdatamodel */,
			);
			currentVersion = FB894E76205336D50013B6FD /* ProyectoFinal___Organizador_de_Apuntes.xcdatamodel */;
			path = "ProyectoFinal___Organizador_de_Apuntes.xcdatamodeld";
			sourceTree = "<group>";
			versionGroupType = wrapper.xcdatamodel;
		};
/* End XCVersionGroup section */
	};
	rootObject = FB894E63205336D50013B6FD /* Project object */;
}
